
Microsoft Visual Studio Solution File, Format Version 12.00
# Visual Studio Version 17
VisualStudioVersion = 17.2.32519.379
MinimumVisualStudioVersion = 10.0.40219.1
Project("{2150E333-8FDC-42A3-9474-1A3956D46DE8}") = "Services", "Services", "{3F5D0929-814F-4B82-8FC3-16DAFB68CC25}"
EndProject
Project("{2150E333-8FDC-42A3-9474-1A3956D46DE8}") = "Catalog", "Catalog", "{4A4DAF25-2AAF-4551-927F-A05ABD6305BD}"
EndProject
Project("{9A19103F-16F7-4668-BE54-9A1E7A4F7556}") = "Catalog.API", "Services\Catalog\Catalog.API\Catalog.API.csproj", "{40A8F36F-0CD0-4593-B537-9C0B59B4669B}"
EndProject
Project("{E53339B2-1760-4266-BCC7-CA923CBCF16C}") = "docker-compose", "docker-compose.dcproj", "{04562A93-44F1-4E82-9AC6-1E4ABC4C879E}"
EndProject
Project("{2150E333-8FDC-42A3-9474-1A3956D46DE8}") = "Basket", "Basket", "{AF640342-8EE5-4228-801B-A3EBD6B8F460}"
EndProject
Project("{9A19103F-16F7-4668-BE54-9A1E7A4F7556}") = "Basket.API", "Services\Basket\Basket.API\Basket.API.csproj", "{41B0544E-E3AF-4E3A-85F4-F7527189B899}"
EndProject
Project("{2150E333-8FDC-42A3-9474-1A3956D46DE8}") = "Notes", "Notes", "{B9EC178A-C60C-430B-8DF3-89D5B813A9DF}"
	ProjectSection(SolutionItems) = preProject
		Notes.txt = Notes.txt
	EndProjectSection
EndProject
Project("{2150E333-8FDC-42A3-9474-1A3956D46DE8}") = "Discount", "Discount", "{FD23CE24-FEDD-4A45-8B85-27805FFAE9F1}"
EndProject
Project("{9A19103F-16F7-4668-BE54-9A1E7A4F7556}") = "Discount.API", "Services\Discount\Discount.API\Discount.API.csproj", "{1E8CF64B-4DBC-49D6-A542-6A048F2687FF}"
EndProject
Project("{2150E333-8FDC-42A3-9474-1A3956D46DE8}") = "Ordering", "Ordering", "{A42607E2-56D1-4688-9BB3-3527C0F6696C}"
EndProject
Project("{9A19103F-16F7-4668-BE54-9A1E7A4F7556}") = "Discount.Grpc", "Services\Discount\Discount.Grpc\Discount.Grpc.csproj", "{D8A8C2A0-8683-45D1-80CA-DE7D793CC485}"
EndProject
Project("{9A19103F-16F7-4668-BE54-9A1E7A4F7556}") = "Ordering.API", "Services\Ordering\Ordering.API\Ordering.API.csproj", "{0C8B9926-48F7-4A6A-8912-13DC83392946}"
EndProject
Project("{9A19103F-16F7-4668-BE54-9A1E7A4F7556}") = "Ordering.Domain", "Services\Ordering\Ordering.Domain\Ordering.Domain.csproj", "{51EAA4B5-7311-4AA9-A03B-73B524846287}"
EndProject
Project("{9A19103F-16F7-4668-BE54-9A1E7A4F7556}") = "Ordering.Application", "Services\Ordering\Ordering.Application\Ordering.Application.csproj", "{452A60E9-8F27-4631-BDE2-D4DE1D30AD8D}"
EndProject
Project("{9A19103F-16F7-4668-BE54-9A1E7A4F7556}") = "Ordering.Infrastructure", "Services\Ordering\Ordering.Infrastructure\Ordering.Infrastructure.csproj", "{476C28F6-3243-4005-87E8-F9EE747B1825}"
EndProject
Project("{2150E333-8FDC-42A3-9474-1A3956D46DE8}") = "BuildingBlocks", "BuildingBlocks", "{5C6E4D7D-5FE4-44C0-A387-BF0C3A890A7A}"
EndProject
Project("{9A19103F-16F7-4668-BE54-9A1E7A4F7556}") = "EventBus.Messages", "BuildingBlocks\EventBus.Messages\EventBus.Messages.csproj", "{F8E40F03-0849-4750-A9E7-A57A0DCB28F8}"
EndProject
Project("{2150E333-8FDC-42A3-9474-1A3956D46DE8}") = "ApiGateways", "ApiGateways", "{8EA2C99F-1D38-4122-A8D1-CBD1F9ECD5B3}"
EndProject
Project("{9A19103F-16F7-4668-BE54-9A1E7A4F7556}") = "OcelotApiGw", "ApiGateways\OcelotApiGw\OcelotApiGw.csproj", "{9F33306B-E70E-479F-81D2-032D7BAA3861}"
EndProject
Project("{9A19103F-16F7-4668-BE54-9A1E7A4F7556}") = "Shopping.Aggregator", "ApiGateways\Shopping.Aggregator\Shopping.Aggregator.csproj", "{4BB77C80-2D1D-41A3-B84F-B514D084C253}"
EndProject
Project("{2150E333-8FDC-42A3-9474-1A3956D46DE8}") = "WebApps", "WebApps", "{DE3FD10A-9C0C-4274-8A92-D25D638D85D7}"
EndProject
Project("{9A19103F-16F7-4668-BE54-9A1E7A4F7556}") = "AspnetRunBasics", "WebApps\AspnetRunBasics\AspnetRunBasics.csproj", "{435CA9A9-1A8E-4788-B8A8-4C3402D7361A}"
EndProject
Project("{FAE04EC0-301F-11D3-BF4B-00C04F79EFBC}") = "Common.Logging", "BuildingBlocks\Common.Logging\Common.Logging.csproj", "{16B507E1-0D20-413B-B961-A3C28CEDBF7E}"
EndProject
Global
	GlobalSection(SolutionConfigurationPlatforms) = preSolution
		Debug|Any CPU = Debug|Any CPU
		Release|Any CPU = Release|Any CPU
	EndGlobalSection
	GlobalSection(ProjectConfigurationPlatforms) = postSolution
		{40A8F36F-0CD0-4593-B537-9C0B59B4669B}.Debug|Any CPU.ActiveCfg = Debug|Any CPU
		{40A8F36F-0CD0-4593-B537-9C0B59B4669B}.Debug|Any CPU.Build.0 = Debug|Any CPU
		{40A8F36F-0CD0-4593-B537-9C0B59B4669B}.Release|Any CPU.ActiveCfg = Release|Any CPU
		{40A8F36F-0CD0-4593-B537-9C0B59B4669B}.Release|Any CPU.Build.0 = Release|Any CPU
		{04562A93-44F1-4E82-9AC6-1E4ABC4C879E}.Debug|Any CPU.ActiveCfg = Debug|Any CPU
		{04562A93-44F1-4E82-9AC6-1E4ABC4C879E}.Debug|Any CPU.Build.0 = Debug|Any CPU
		{04562A93-44F1-4E82-9AC6-1E4ABC4C879E}.Release|Any CPU.ActiveCfg = Release|Any CPU
		{04562A93-44F1-4E82-9AC6-1E4ABC4C879E}.Release|Any CPU.Build.0 = Release|Any CPU
		{41B0544E-E3AF-4E3A-85F4-F7527189B899}.Debug|Any CPU.ActiveCfg = Debug|Any CPU
		{41B0544E-E3AF-4E3A-85F4-F7527189B899}.Debug|Any CPU.Build.0 = Debug|Any CPU
		{41B0544E-E3AF-4E3A-85F4-F7527189B899}.Release|Any CPU.ActiveCfg = Release|Any CPU
		{41B0544E-E3AF-4E3A-85F4-F7527189B899}.Release|Any CPU.Build.0 = Release|Any CPU
		{1E8CF64B-4DBC-49D6-A542-6A048F2687FF}.Debug|Any CPU.ActiveCfg = Debug|Any CPU
		{1E8CF64B-4DBC-49D6-A542-6A048F2687FF}.Debug|Any CPU.Build.0 = Debug|Any CPU
		{1E8CF64B-4DBC-49D6-A542-6A048F2687FF}.Release|Any CPU.ActiveCfg = Release|Any CPU
		{1E8CF64B-4DBC-49D6-A542-6A048F2687FF}.Release|Any CPU.Build.0 = Release|Any CPU
		{D8A8C2A0-8683-45D1-80CA-DE7D793CC485}.Debug|Any CPU.ActiveCfg = Debug|Any CPU
		{D8A8C2A0-8683-45D1-80CA-DE7D793CC485}.Debug|Any CPU.Build.0 = Debug|Any CPU
		{D8A8C2A0-8683-45D1-80CA-DE7D793CC485}.Release|Any CPU.ActiveCfg = Release|Any CPU
		{D8A8C2A0-8683-45D1-80CA-DE7D793CC485}.Release|Any CPU.Build.0 = Release|Any CPU
		{0C8B9926-48F7-4A6A-8912-13DC83392946}.Debug|Any CPU.ActiveCfg = Debug|Any CPU
		{0C8B9926-48F7-4A6A-8912-13DC83392946}.Debug|Any CPU.Build.0 = Debug|Any CPU
		{0C8B9926-48F7-4A6A-8912-13DC83392946}.Release|Any CPU.ActiveCfg = Release|Any CPU
		{0C8B9926-48F7-4A6A-8912-13DC83392946}.Release|Any CPU.Build.0 = Release|Any CPU
		{51EAA4B5-7311-4AA9-A03B-73B524846287}.Debug|Any CPU.ActiveCfg = Debug|Any CPU
		{51EAA4B5-7311-4AA9-A03B-73B524846287}.Debug|Any CPU.Build.0 = Debug|Any CPU
		{51EAA4B5-7311-4AA9-A03B-73B524846287}.Release|Any CPU.ActiveCfg = Release|Any CPU
		{51EAA4B5-7311-4AA9-A03B-73B524846287}.Release|Any CPU.Build.0 = Release|Any CPU
		{452A60E9-8F27-4631-BDE2-D4DE1D30AD8D}.Debug|Any CPU.ActiveCfg = Debug|Any CPU
		{452A60E9-8F27-4631-BDE2-D4DE1D30AD8D}.Debug|Any CPU.Build.0 = Debug|Any CPU
		{452A60E9-8F27-4631-BDE2-D4DE1D30AD8D}.Release|Any CPU.ActiveCfg = Release|Any CPU
		{452A60E9-8F27-4631-BDE2-D4DE1D30AD8D}.Release|Any CPU.Build.0 = Release|Any CPU
		{476C28F6-3243-4005-87E8-F9EE747B1825}.Debug|Any CPU.ActiveCfg = Debug|Any CPU
		{476C28F6-3243-4005-87E8-F9EE747B1825}.Debug|Any CPU.Build.0 = Debug|Any CPU
		{476C28F6-3243-4005-87E8-F9EE747B1825}.Release|Any CPU.ActiveCfg = Release|Any CPU
		{476C28F6-3243-4005-87E8-F9EE747B1825}.Release|Any CPU.Build.0 = Release|Any CPU
		{F8E40F03-0849-4750-A9E7-A57A0DCB28F8}.Debug|Any CPU.ActiveCfg = Debug|Any CPU
		{F8E40F03-0849-4750-A9E7-A57A0DCB28F8}.Debug|Any CPU.Build.0 = Debug|Any CPU
		{F8E40F03-0849-4750-A9E7-A57A0DCB28F8}.Release|Any CPU.ActiveCfg = Release|Any CPU
		{F8E40F03-0849-4750-A9E7-A57A0DCB28F8}.Release|Any CPU.Build.0 = Release|Any CPU
		{9F33306B-E70E-479F-81D2-032D7BAA3861}.Debug|Any CPU.ActiveCfg = Debug|Any CPU
		{9F33306B-E70E-479F-81D2-032D7BAA3861}.Debug|Any CPU.Build.0 = Debug|Any CPU
		{9F33306B-E70E-479F-81D2-032D7BAA3861}.Release|Any CPU.ActiveCfg = Release|Any CPU
		{9F33306B-E70E-479F-81D2-032D7BAA3861}.Release|Any CPU.Build.0 = Release|Any CPU
		{4BB77C80-2D1D-41A3-B84F-B514D084C253}.Debug|Any CPU.ActiveCfg = Debug|Any CPU
		{4BB77C80-2D1D-41A3-B84F-B514D084C253}.Debug|Any CPU.Build.0 = Debug|Any CPU
		{4BB77C80-2D1D-41A3-B84F-B514D084C253}.Release|Any CPU.ActiveCfg = Release|Any CPU
		{4BB77C80-2D1D-41A3-B84F-B514D084C253}.Release|Any CPU.Build.0 = Release|Any CPU
		{435CA9A9-1A8E-4788-B8A8-4C3402D7361A}.Debug|Any CPU.ActiveCfg = Debug|Any CPU
		{435CA9A9-1A8E-4788-B8A8-4C3402D7361A}.Debug|Any CPU.Build.0 = Debug|Any CPU
		{435CA9A9-1A8E-4788-B8A8-4C3402D7361A}.Release|Any CPU.ActiveCfg = Release|Any CPU
		{435CA9A9-1A8E-4788-B8A8-4C3402D7361A}.Release|Any CPU.Build.0 = Release|Any CPU
		{16B507E1-0D20-413B-B961-A3C28CEDBF7E}.Debug|Any CPU.ActiveCfg = Debug|Any CPU
		{16B507E1-0D20-413B-B961-A3C28CEDBF7E}.Debug|Any CPU.Build.0 = Debug|Any CPU
		{16B507E1-0D20-413B-B961-A3C28CEDBF7E}.Release|Any CPU.ActiveCfg = Release|Any CPU
		{16B507E1-0D20-413B-B961-A3C28CEDBF7E}.Release|Any CPU.Build.0 = Release|Any CPU
	EndGlobalSection
	GlobalSection(SolutionProperties) = preSolution
		HideSolutionNode = FALSE
	EndGlobalSection
	GlobalSection(NestedProjects) = preSolution
		{4A4DAF25-2AAF-4551-927F-A05ABD6305BD} = {3F5D0929-814F-4B82-8FC3-16DAFB68CC25}
		{40A8F36F-0CD0-4593-B537-9C0B59B4669B} = {4A4DAF25-2AAF-4551-927F-A05ABD6305BD}
		{AF640342-8EE5-4228-801B-A3EBD6B8F460} = {3F5D0929-814F-4B82-8FC3-16DAFB68CC25}
		{41B0544E-E3AF-4E3A-85F4-F7527189B899} = {AF640342-8EE5-4228-801B-A3EBD6B8F460}
		{FD23CE24-FEDD-4A45-8B85-27805FFAE9F1} = {3F5D0929-814F-4B82-8FC3-16DAFB68CC25}
		{1E8CF64B-4DBC-49D6-A542-6A048F2687FF} = {FD23CE24-FEDD-4A45-8B85-27805FFAE9F1}
		{A42607E2-56D1-4688-9BB3-3527C0F6696C} = {3F5D0929-814F-4B82-8FC3-16DAFB68CC25}
		{D8A8C2A0-8683-45D1-80CA-DE7D793CC485} = {FD23CE24-FEDD-4A45-8B85-27805FFAE9F1}
		{0C8B9926-48F7-4A6A-8912-13DC83392946} = {A42607E2-56D1-4688-9BB3-3527C0F6696C}
		{51EAA4B5-7311-4AA9-A03B-73B524846287} = {A42607E2-56D1-4688-9BB3-3527C0F6696C}
		{452A60E9-8F27-4631-BDE2-D4DE1D30AD8D} = {A42607E2-56D1-4688-9BB3-3527C0F6696C}
		{476C28F6-3243-4005-87E8-F9EE747B1825} = {A42607E2-56D1-4688-9BB3-3527C0F6696C}
		{F8E40F03-0849-4750-A9E7-A57A0DCB28F8} = {5C6E4D7D-5FE4-44C0-A387-BF0C3A890A7A}
		{9F33306B-E70E-479F-81D2-032D7BAA3861} = {8EA2C99F-1D38-4122-A8D1-CBD1F9ECD5B3}
		{4BB77C80-2D1D-41A3-B84F-B514D084C253} = {8EA2C99F-1D38-4122-A8D1-CBD1F9ECD5B3}
		{435CA9A9-1A8E-4788-B8A8-4C3402D7361A} = {DE3FD10A-9C0C-4274-8A92-D25D638D85D7}
		{16B507E1-0D20-413B-B961-A3C28CEDBF7E} = {5C6E4D7D-5FE4-44C0-A387-BF0C3A890A7A}
	EndGlobalSection
	GlobalSection(ExtensibilityGlobals) = postSolution
		SolutionGuid = {4C9350B6-4426-482A-8BEB-C4FE3AAA57E5}
	EndGlobalSection
EndGlobal
