
Microsoft Visual Studio Solution File, Format Version 12.00
# Visual Studio Version 16
VisualStudioVersion = 16.0.31911.196
MinimumVisualStudioVersion = 10.0.40219.1
Project("{2150E333-8FDC-42A3-9474-1A3956D46DE8}") = "Services", "Services", "{3F5D0929-814F-4B82-8FC3-16DAFB68CC25}"
EndProject
Project("{2150E333-8FDC-42A3-9474-1A3956D46DE8}") = "Catalog", "Catalog", "{4A4DAF25-2AAF-4551-927F-A05ABD6305BD}"
EndProject
Project("{9A19103F-16F7-4668-BE54-9A1E7A4F7556}") = "Catalog.API", "Services\Catalog\Catalog.API\Catalog.API.csproj", "{40A8F36F-0CD0-4593-B537-9C0B59B4669B}"
EndProject
Project("{E53339B2-1760-4266-BCC7-CA923CBCF16C}") = "docker-compose", "docker-compose.dcproj", "{04562A93-44F1-4E82-9AC6-1E4ABC4C879E}"
EndProject
Project("{2150E333-8FDC-42A3-9474-1A3956D46DE8}") = "Basket", "Basket", "{AF640342-8EE5-4228-801B-A3EBD6B8F460}"
EndProject
Project("{FAE04EC0-301F-11D3-BF4B-00C04F79EFBC}") = "Basket.API", "Services\Basket\Basket.API\Basket.API.csproj", "{41B0544E-E3AF-4E3A-85F4-F7527189B899}"
EndProject
Project("{2150E333-8FDC-42A3-9474-1A3956D46DE8}") = "Notes", "Notes", "{B9EC178A-C60C-430B-8DF3-89D5B813A9DF}"
	ProjectSection(SolutionItems) = preProject
		Notes.txt = Notes.txt
	EndProjectSection
EndProject
Global
	GlobalSection(SolutionConfigurationPlatforms) = preSolution
		Debug|Any CPU = Debug|Any CPU
		Release|Any CPU = Release|Any CPU
	EndGlobalSection
	GlobalSection(ProjectConfigurationPlatforms) = postSolution
		{40A8F36F-0CD0-4593-B537-9C0B59B4669B}.Debug|Any CPU.ActiveCfg = Debug|Any CPU
		{40A8F36F-0CD0-4593-B537-9C0B59B4669B}.Debug|Any CPU.Build.0 = Debug|Any CPU
		{40A8F36F-0CD0-4593-B537-9C0B59B4669B}.Release|Any CPU.ActiveCfg = Release|Any CPU
		{40A8F36F-0CD0-4593-B537-9C0B59B4669B}.Release|Any CPU.Build.0 = Release|Any CPU
		{04562A93-44F1-4E82-9AC6-1E4ABC4C879E}.Debug|Any CPU.ActiveCfg = Debug|Any CPU
		{04562A93-44F1-4E82-9AC6-1E4ABC4C879E}.Debug|Any CPU.Build.0 = Debug|Any CPU
		{04562A93-44F1-4E82-9AC6-1E4ABC4C879E}.Release|Any CPU.ActiveCfg = Release|Any CPU
		{04562A93-44F1-4E82-9AC6-1E4ABC4C879E}.Release|Any CPU.Build.0 = Release|Any CPU
		{41B0544E-E3AF-4E3A-85F4-F7527189B899}.Debug|Any CPU.ActiveCfg = Debug|Any CPU
		{41B0544E-E3AF-4E3A-85F4-F7527189B899}.Debug|Any CPU.Build.0 = Debug|Any CPU
		{41B0544E-E3AF-4E3A-85F4-F7527189B899}.Release|Any CPU.ActiveCfg = Release|Any CPU
		{41B0544E-E3AF-4E3A-85F4-F7527189B899}.Release|Any CPU.Build.0 = Release|Any CPU
	EndGlobalSection
	GlobalSection(SolutionProperties) = preSolution
		HideSolutionNode = FALSE
	EndGlobalSection
	GlobalSection(NestedProjects) = preSolution
		{4A4DAF25-2AAF-4551-927F-A05ABD6305BD} = {3F5D0929-814F-4B82-8FC3-16DAFB68CC25}
		{40A8F36F-0CD0-4593-B537-9C0B59B4669B} = {4A4DAF25-2AAF-4551-927F-A05ABD6305BD}
		{AF640342-8EE5-4228-801B-A3EBD6B8F460} = {3F5D0929-814F-4B82-8FC3-16DAFB68CC25}
		{41B0544E-E3AF-4E3A-85F4-F7527189B899} = {AF640342-8EE5-4228-801B-A3EBD6B8F460}
	EndGlobalSection
	GlobalSection(ExtensibilityGlobals) = postSolution
		SolutionGuid = {4C9350B6-4426-482A-8BEB-C4FE3AAA57E5}
	EndGlobalSection
EndGlobal
